// !$*UTF8*$!
{
	archiveVersion = 1;
	classes = {
	};
	objectVersion = 56;
	objects = {

/* Begin PBXBuildFile section */
		8032E8B92C51019F00F647D0 /* Intellect_QuestApp.swift in Sources */ = {isa = PBXBuildFile; fileRef = 8032E8B82C51019F00F647D0 /* Intellect_QuestApp.swift */; };
		8032E8BB2C51019F00F647D0 /* ContentView.swift in Sources */ = {isa = PBXBuildFile; fileRef = 8032E8BA2C51019F00F647D0 /* ContentView.swift */; };
		8032E8BD2C5101A000F647D0 /* Assets.xcassets in Resources */ = {isa = PBXBuildFile; fileRef = 8032E8BC2C5101A000F647D0 /* Assets.xcassets */; };
		8032E8C02C5101A000F647D0 /* Preview Assets.xcassets in Resources */ = {isa = PBXBuildFile; fileRef = 8032E8BF2C5101A000F647D0 /* Preview Assets.xcassets */; };
		8032E8C92C51174E00F647D0 /* ProfileView.swift in Sources */ = {isa = PBXBuildFile; fileRef = 8032E8C82C51174E00F647D0 /* ProfileView.swift */; };
		8032E8CB2C51175C00F647D0 /* HistoryView.swift in Sources */ = {isa = PBXBuildFile; fileRef = 8032E8CA2C51175C00F647D0 /* HistoryView.swift */; };
		8032E8CD2C51177100F647D0 /* GradientBackground.swift in Sources */ = {isa = PBXBuildFile; fileRef = 8032E8CC2C51177100F647D0 /* GradientBackground.swift */; };
		8032E8CF2C51179000F647D0 /* HomeView.swift in Sources */ = {isa = PBXBuildFile; fileRef = 8032E8CE2C51179000F647D0 /* HomeView.swift */; };
		8032E8D12C51179C00F647D0 /* QuizView.swift in Sources */ = {isa = PBXBuildFile; fileRef = 8032E8D02C51179C00F647D0 /* QuizView.swift */; };
		8032E8D32C5117B400F647D0 /* QuizHistoryManager.swift in Sources */ = {isa = PBXBuildFile; fileRef = 8032E8D22C5117B400F647D0 /* QuizHistoryManager.swift */; };
		8032E8D52C5117CA00F647D0 /* ResultView.swift in Sources */ = {isa = PBXBuildFile; fileRef = 8032E8D42C5117CA00F647D0 /* ResultView.swift */; };
		8032E8D72C5117F900F647D0 /* quiz.json in Resources */ = {isa = PBXBuildFile; fileRef = 8032E8D62C5117F900F647D0 /* quiz.json */; };
/* End PBXBuildFile section */

/* Begin PBXFileReference section */
		8032E8B52C51019F00F647D0 /* Intellect Quest.app */ = {isa = PBXFileReference; explicitFileType = wrapper.application; includeInIndex = 0; path = "Intellect Quest.app"; sourceTree = BUILT_PRODUCTS_DIR; };
		8032E8B82C51019F00F647D0 /* Intellect_QuestApp.swift */ = {isa = PBXFileReference; lastKnownFileType = sourcecode.swift; path = Intellect_QuestApp.swift; sourceTree = "<group>"; };
		8032E8BA2C51019F00F647D0 /* ContentView.swift */ = {isa = PBXFileReference; lastKnownFileType = sourcecode.swift; path = ContentView.swift; sourceTree = "<group>"; };
		8032E8BC2C5101A000F647D0 /* Assets.xcassets */ = {isa = PBXFileReference; lastKnownFileType = folder.assetcatalog; path = Assets.xcassets; sourceTree = "<group>"; };
		8032E8BF2C5101A000F647D0 /* Preview Assets.xcassets */ = {isa = PBXFileReference; lastKnownFileType = folder.assetcatalog; path = "Preview Assets.xcassets"; sourceTree = "<group>"; };
		8032E8C82C51174E00F647D0 /* ProfileView.swift */ = {isa = PBXFileReference; lastKnownFileType = sourcecode.swift; path = ProfileView.swift; sourceTree = "<group>"; };
		8032E8CA2C51175C00F647D0 /* HistoryView.swift */ = {isa = PBXFileReference; lastKnownFileType = sourcecode.swift; path = HistoryView.swift; sourceTree = "<group>"; };
		8032E8CC2C51177100F647D0 /* GradientBackground.swift */ = {isa = PBXFileReference; lastKnownFileType = sourcecode.swift; path = GradientBackground.swift; sourceTree = "<group>"; };
		8032E8CE2C51179000F647D0 /* HomeView.swift */ = {isa = PBXFileReference; lastKnownFileType = sourcecode.swift; path = HomeView.swift; sourceTree = "<group>"; };
		8032E8D02C51179C00F647D0 /* QuizView.swift */ = {isa = PBXFileReference; lastKnownFileType = sourcecode.swift; path = QuizView.swift; sourceTree = "<group>"; };
		8032E8D22C5117B400F647D0 /* QuizHistoryManager.swift */ = {isa = PBXFileReference; lastKnownFileType = sourcecode.swift; path = QuizHistoryManager.swift; sourceTree = "<group>"; };
		8032E8D42C5117CA00F647D0 /* ResultView.swift */ = {isa = PBXFileReference; lastKnownFileType = sourcecode.swift; path = ResultView.swift; sourceTree = "<group>"; };
		8032E8D62C5117F900F647D0 /* quiz.json */ = {isa = PBXFileReference; fileEncoding = 4; lastKnownFileType = text.json; path = quiz.json; sourceTree = "<group>"; };
/* End PBXFileReference section */

/* Begin PBXFrameworksBuildPhase section */
		8032E8B22C51019F00F647D0 /* Frameworks */ = {
			isa = PBXFrameworksBuildPhase;
			buildActionMask = 2147483647;
			files = (
			);
			runOnlyForDeploymentPostprocessing = 0;
		};
/* End PBXFrameworksBuildPhase section */

/* Begin PBXGroup section */
		8032E8AC2C51019F00F647D0 = {
			isa = PBXGroup;
			children = (
				8032E8B72C51019F00F647D0 /* Intellect Quest */,
				8032E8B62C51019F00F647D0 /* Products */,
			);
			sourceTree = "<group>";
		};
		8032E8B62C51019F00F647D0 /* Products */ = {
			isa = PBXGroup;
			children = (
				8032E8B52C51019F00F647D0 /* Intellect Quest.app */,
			);
			name = Products;
			sourceTree = "<group>";
		};
		8032E8B72C51019F00F647D0 /* Intellect Quest */ = {
			isa = PBXGroup;
			children = (
				8032E8B82C51019F00F647D0 /* Intellect_QuestApp.swift */,
				8032E8BA2C51019F00F647D0 /* ContentView.swift */,
				8032E8CC2C51177100F647D0 /* GradientBackground.swift */,
				8032E8CE2C51179000F647D0 /* HomeView.swift */,
				8032E8D02C51179C00F647D0 /* QuizView.swift */,
				8032E8D22C5117B400F647D0 /* QuizHistoryManager.swift */,
				8032E8D42C5117CA00F647D0 /* ResultView.swift */,
				8032E8CA2C51175C00F647D0 /* HistoryView.swift */,
				8032E8C82C51174E00F647D0 /* ProfileView.swift */,
				8032E8BC2C5101A000F647D0 /* Assets.xcassets */,
				8032E8D62C5117F900F647D0 /* quiz.json */,
				8032E8BE2C5101A000F647D0 /* Preview Content */,
			);
			path = "Intellect Quest";
			sourceTree = "<group>";
		};
		8032E8BE2C5101A000F647D0 /* Preview Content */ = {
			isa = PBXGroup;
			children = (
				8032E8BF2C5101A000F647D0 /* Preview Assets.xcassets */,
			);
			path = "Preview Content";
			sourceTree = "<group>";
		};
/* End PBXGroup section */

/* Begin PBXNativeTarget section */
		8032E8B42C51019F00F647D0 /* Intellect Quest */ = {
			isa = PBXNativeTarget;
			buildConfigurationList = 8032E8C32C5101A000F647D0 /* Build configuration list for PBXNativeTarget "Intellect Quest" */;
			buildPhases = (
				8032E8B12C51019F00F647D0 /* Sources */,
				8032E8B22C51019F00F647D0 /* Frameworks */,
				8032E8B32C51019F00F647D0 /* Resources */,
			);
			buildRules = (
			);
			dependencies = (
			);
			name = "Intellect Quest";
			productName = "Intellect Quest";
			productReference = 8032E8B52C51019F00F647D0 /* Intellect Quest.app */;
			productType = "com.apple.product-type.application";
		};
/* End PBXNativeTarget section */

/* Begin PBXProject section */
		8032E8AD2C51019F00F647D0 /* Project object */ = {
			isa = PBXProject;
			attributes = {
				BuildIndependentTargetsInParallel = 1;
				LastSwiftUpdateCheck = 1520;
				LastUpgradeCheck = 1520;
				TargetAttributes = {
					8032E8B42C51019F00F647D0 = {
						CreatedOnToolsVersion = 15.2;
					};
				};
			};
			buildConfigurationList = 8032E8B02C51019F00F647D0 /* Build configuration list for PBXProject "Intellect Quest" */;
			compatibilityVersion = "Xcode 14.0";
			developmentRegion = en;
			hasScannedForEncodings = 0;
			knownRegions = (
				en,
				Base,
			);
			mainGroup = 8032E8AC2C51019F00F647D0;
			productRefGroup = 8032E8B62C51019F00F647D0 /* Products */;
			projectDirPath = "";
			projectRoot = "";
			targets = (
				8032E8B42C51019F00F647D0 /* Intellect Quest */,
			);
		};
/* End PBXProject section */

/* Begin PBXResourcesBuildPhase section */
		8032E8B32C51019F00F647D0 /* Resources */ = {
			isa = PBXResourcesBuildPhase;
			buildActionMask = 2147483647;
			files = (
				8032E8C02C5101A000F647D0 /* Preview Assets.xcassets in Resources */,
				8032E8BD2C5101A000F647D0 /* Assets.xcassets in Resources */,
				8032E8D72C5117F900F647D0 /* quiz.json in Resources */,
			);
			runOnlyForDeploymentPostprocessing = 0;
		};
/* End PBXResourcesBuildPhase section */

/* Begin PBXSourcesBuildPhase section */
		8032E8B12C51019F00F647D0 /* Sources */ = {
			isa = PBXSourcesBuildPhase;
			buildActionMask = 2147483647;
			files = (
				8032E8CD2C51177100F647D0 /* GradientBackground.swift in Sources */,
				8032E8D32C5117B400F647D0 /* QuizHistoryManager.swift in Sources */,
				8032E8D52C5117CA00F647D0 /* ResultView.swift in Sources */,
				8032E8BB2C51019F00F647D0 /* ContentView.swift in Sources */,
				8032E8CB2C51175C00F647D0 /* HistoryView.swift in Sources */,
				8032E8CF2C51179000F647D0 /* HomeView.swift in Sources */,
				8032E8D12C51179C00F647D0 /* QuizView.swift in Sources */,
				8032E8C92C51174E00F647D0 /* ProfileView.swift in Sources */,
				8032E8B92C51019F00F647D0 /* Intellect_QuestApp.swift in Sources */,
			);
			runOnlyForDeploymentPostprocessing = 0;
		};
/* End PBXSourcesBuildPhase section */

/* Begin XCBuildConfiguration section */
		8032E8C12C5101A000F647D0 /* Debug */ = {
			isa = XCBuildConfiguration;
			buildSettings = {
				ALWAYS_SEARCH_USER_PATHS = NO;
				ASSETCATALOG_COMPILER_GENERATE_SWIFT_ASSET_SYMBOL_EXTENSIONS = YES;
				CLANG_ANALYZER_NONNULL = YES;
				CLANG_ANALYZER_NUMBER_OBJECT_CONVERSION = YES_AGGRESSIVE;
				CLANG_CXX_LANGUAGE_STANDARD = "gnu++20";
				CLANG_ENABLE_MODULES = YES;
				CLANG_ENABLE_OBJC_ARC = YES;
				CLANG_ENABLE_OBJC_WEAK = YES;
				CLANG_WARN_BLOCK_CAPTURE_AUTORELEASING = YES;
				CLANG_WARN_BOOL_CONVERSION = YES;
				CLANG_WARN_COMMA = YES;
				CLANG_WARN_CONSTANT_CONVERSION = YES;
				CLANG_WARN_DEPRECATED_OBJC_IMPLEMENTATIONS = YES;
				CLANG_WARN_DIRECT_OBJC_ISA_USAGE = YES_ERROR;
				CLANG_WARN_DOCUMENTATION_COMMENTS = YES;
				CLANG_WARN_EMPTY_BODY = YES;
				CLANG_WARN_ENUM_CONVERSION = YES;
				CLANG_WARN_INFINITE_RECURSION = YES;
				CLANG_WARN_INT_CONVERSION = YES;
				CLANG_WARN_NON_LITERAL_NULL_CONVERSION = YES;
				CLANG_WARN_OBJC_IMPLICIT_RETAIN_SELF = YES;
				CLANG_WARN_OBJC_LITERAL_CONVERSION = YES;
				CLANG_WARN_OBJC_ROOT_CLASS = YES_ERROR;
				CLANG_WARN_QUOTED_INCLUDE_IN_FRAMEWORK_HEADER = YES;
				CLANG_WARN_RANGE_LOOP_ANALYSIS = YES;
				CLANG_WARN_STRICT_PROTOTYPES = YES;
				CLANG_WARN_SUSPICIOUS_MOVE = YES;
				CLANG_WARN_UNGUARDED_AVAILABILITY = YES_AGGRESSIVE;
				CLANG_WARN_UNREACHABLE_CODE = YES;
				CLANG_WARN__DUPLICATE_METHOD_MATCH = YES;
				COPY_PHASE_STRIP = NO;
				DEBUG_INFORMATION_FORMAT = dwarf;
				ENABLE_STRICT_OBJC_MSGSEND = YES;
				ENABLE_TESTABILITY = YES;
				ENABLE_USER_SCRIPT_SANDBOXING = YES;
				GCC_C_LANGUAGE_STANDARD = gnu17;
				GCC_DYNAMIC_NO_PIC = NO;
				GCC_NO_COMMON_BLOCKS = YES;
				GCC_OPTIMIZATION_LEVEL = 0;
				GCC_PREPROCESSOR_DEFINITIONS = (
					"DEBUG=1",
					"$(inherited)",
				);
				GCC_WARN_64_TO_32_BIT_CONVERSION = YES;
				GCC_WARN_ABOUT_RETURN_TYPE = YES_ERROR;
				GCC_WARN_UNDECLARED_SELECTOR = YES;
				GCC_WARN_UNINITIALIZED_AUTOS = YES_AGGRESSIVE;
				GCC_WARN_UNUSED_FUNCTION = YES;
				GCC_WARN_UNUSED_VARIABLE = YES;
				IPHONEOS_DEPLOYMENT_TARGET = 17.2;
				LOCALIZATION_PREFERS_STRING_CATALOGS = YES;
				MTL_ENABLE_DEBUG_INFO = INCLUDE_SOURCE;
				MTL_FAST_MATH = YES;
				ONLY_ACTIVE_ARCH = YES;
				SDKROOT = iphoneos;
				SWIFT_ACTIVE_COMPILATION_CONDITIONS = "DEBUG $(inherited)";
				SWIFT_OPTIMIZATION_LEVEL = "-Onone";
			};
			name = Debug;
		};
		8032E8C22C5101A000F647D0 /* Release */ = {
			isa = XCBuildConfiguration;
			buildSettings = {
				ALWAYS_SEARCH_USER_PATHS = NO;
				ASSETCATALOG_COMPILER_GENERATE_SWIFT_ASSET_SYMBOL_EXTENSIONS = YES;
				CLANG_ANALYZER_NONNULL = YES;
				CLANG_ANALYZER_NUMBER_OBJECT_CONVERSION = YES_AGGRESSIVE;
				CLANG_CXX_LANGUAGE_STANDARD = "gnu++20";
				CLANG_ENABLE_MODULES = YES;
				CLANG_ENABLE_OBJC_ARC = YES;
				CLANG_ENABLE_OBJC_WEAK = YES;
				CLANG_WARN_BLOCK_CAPTURE_AUTORELEASING = YES;
				CLANG_WARN_BOOL_CONVERSION = YES;
				CLANG_WARN_COMMA = YES;
				CLANG_WARN_CONSTANT_CONVERSION = YES;
				CLANG_WARN_DEPRECATED_OBJC_IMPLEMENTATIONS = YES;
				CLANG_WARN_DIRECT_OBJC_ISA_USAGE = YES_ERROR;
				CLANG_WARN_DOCUMENTATION_COMMENTS = YES;
				CLANG_WARN_EMPTY_BODY = YES;
				CLANG_WARN_ENUM_CONVERSION = YES;
				CLANG_WARN_INFINITE_RECURSION = YES;
				CLANG_WARN_INT_CONVERSION = YES;
				CLANG_WARN_NON_LITERAL_NULL_CONVERSION = YES;
				CLANG_WARN_OBJC_IMPLICIT_RETAIN_SELF = YES;
				CLANG_WARN_OBJC_LITERAL_CONVERSION = YES;
				CLANG_WARN_OBJC_ROOT_CLASS = YES_ERROR;
				CLANG_WARN_QUOTED_INCLUDE_IN_FRAMEWORK_HEADER = YES;
				CLANG_WARN_RANGE_LOOP_ANALYSIS = YES;
				CLANG_WARN_STRICT_PROTOTYPES = YES;
				CLANG_WARN_SUSPICIOUS_MOVE = YES;
				CLANG_WARN_UNGUARDED_AVAILABILITY = YES_AGGRESSIVE;
				CLANG_WARN_UNREACHABLE_CODE = YES;
				CLANG_WARN__DUPLICATE_METHOD_MATCH = YES;
				COPY_PHASE_STRIP = NO;
				DEBUG_INFORMATION_FORMAT = "dwarf-with-dsym";
				ENABLE_NS_ASSERTIONS = NO;
				ENABLE_STRICT_OBJC_MSGSEND = YES;
				ENABLE_USER_SCRIPT_SANDBOXING = YES;
				GCC_C_LANGUAGE_STANDARD = gnu17;
				GCC_NO_COMMON_BLOCKS = YES;
				GCC_WARN_64_TO_32_BIT_CONVERSION = YES;
				GCC_WARN_ABOUT_RETURN_TYPE = YES_ERROR;
				GCC_WARN_UNDECLARED_SELECTOR = YES;
				GCC_WARN_UNINITIALIZED_AUTOS = YES_AGGRESSIVE;
				GCC_WARN_UNUSED_FUNCTION = YES;
				GCC_WARN_UNUSED_VARIABLE = YES;
				IPHONEOS_DEPLOYMENT_TARGET = 17.2;
				LOCALIZATION_PREFERS_STRING_CATALOGS = YES;
				MTL_ENABLE_DEBUG_INFO = NO;
				MTL_FAST_MATH = YES;
				SDKROOT = iphoneos;
				SWIFT_COMPILATION_MODE = wholemodule;
				VALIDATE_PRODUCT = YES;
			};
			name = Release;
		};
		8032E8C42C5101A000F647D0 /* Debug */ = {
			isa = XCBuildConfiguration;
			buildSettings = {
				ASSETCATALOG_COMPILER_APPICON_NAME = AppIcon;
				ASSETCATALOG_COMPILER_GLOBAL_ACCENT_COLOR_NAME = AccentColor;
				CODE_SIGN_STYLE = Automatic;
				CURRENT_PROJECT_VERSION = 1;
				DEVELOPMENT_ASSET_PATHS = "\"Intellect Quest/Preview Content\"";
				ENABLE_PREVIEWS = YES;
				GENERATE_INFOPLIST_FILE = YES;
				INFOPLIST_KEY_UIApplicationSceneManifest_Generation = YES;
				INFOPLIST_KEY_UIApplicationSupportsIndirectInputEvents = YES;
				INFOPLIST_KEY_UILaunchScreen_Generation = YES;
				INFOPLIST_KEY_UISupportedInterfaceOrientations_iPad = "UIInterfaceOrientationPortrait UIInterfaceOrientationPortraitUpsideDown UIInterfaceOrientationLandscapeLeft UIInterfaceOrientationLandscapeRight";
				INFOPLIST_KEY_UISupportedInterfaceOrientations_iPhone = "UIInterfaceOrientationPortrait UIInterfaceOrientationLandscapeLeft UIInterfaceOrientationLandscapeRight";
				LD_RUNPATH_SEARCH_PATHS = (
					"$(inherited)",
					"@executable_path/Frameworks",
				);
				MARKETING_VERSION = 1.0;
				PRODUCT_BUNDLE_IDENTIFIER = "AZResearchLab.Intellect-Quest";
				PRODUCT_NAME = "$(TARGET_NAME)";
				SWIFT_EMIT_LOC_STRINGS = YES;
				SWIFT_VERSION = 5.0;
				TARGETED_DEVICE_FAMILY = "1,2";
			};
			name = Debug;
		};
		8032E8C52C5101A000F647D0 /* Release */ = {
			isa = XCBuildConfiguration;
			buildSettings = {
				ASSETCATALOG_COMPILER_APPICON_NAME = AppIcon;
				ASSETCATALOG_COMPILER_GLOBAL_ACCENT_COLOR_NAME = AccentColor;
				CODE_SIGN_STYLE = Automatic;
				CURRENT_PROJECT_VERSION = 1;
				DEVELOPMENT_ASSET_PATHS = "\"Intellect Quest/Preview Content\"";
				ENABLE_PREVIEWS = YES;
				GENERATE_INFOPLIST_FILE = YES;
				INFOPLIST_KEY_UIApplicationSceneManifest_Generation = YES;
				INFOPLIST_KEY_UIApplicationSupportsIndirectInputEvents = YES;
				INFOPLIST_KEY_UILaunchScreen_Generation = YES;
				INFOPLIST_KEY_UISupportedInterfaceOrientations_iPad = "UIInterfaceOrientationPortrait UIInterfaceOrientationPortraitUpsideDown UIInterfaceOrientationLandscapeLeft UIInterfaceOrientationLandscapeRight";
				INFOPLIST_KEY_UISupportedInterfaceOrientations_iPhone = "UIInterfaceOrientationPortrait UIInterfaceOrientationLandscapeLeft UIInterfaceOrientationLandscapeRight";
				LD_RUNPATH_SEARCH_PATHS = (
					"$(inherited)",
					"@executable_path/Frameworks",
				);
				MARKETING_VERSION = 1.0;
				PRODUCT_BUNDLE_IDENTIFIER = "AZResearchLab.Intellect-Quest";
				PRODUCT_NAME = "$(TARGET_NAME)";
				SWIFT_EMIT_LOC_STRINGS = YES;
				SWIFT_VERSION = 5.0;
				TARGETED_DEVICE_FAMILY = "1,2";
			};
			name = Release;
		};
/* End XCBuildConfiguration section */

/* Begin XCConfigurationList section */
		8032E8B02C51019F00F647D0 /* Build configuration list for PBXProject "Intellect Quest" */ = {
			isa = XCConfigurationList;
			buildConfigurations = (
				8032E8C12C5101A000F647D0 /* Debug */,
				8032E8C22C5101A000F647D0 /* Release */,
			);
			defaultConfigurationIsVisible = 0;
			defaultConfigurationName = Release;
		};
		8032E8C32C5101A000F647D0 /* Build configuration list for PBXNativeTarget "Intellect Quest" */ = {
			isa = XCConfigurationList;
			buildConfigurations = (
				8032E8C42C5101A000F647D0 /* Debug */,
				8032E8C52C5101A000F647D0 /* Release */,
			);
			defaultConfigurationIsVisible = 0;
			defaultConfigurationName = Release;
		};
/* End XCConfigurationList section */
	};
	rootObject = 8032E8AD2C51019F00F647D0 /* Project object */;
}
